// !$*UTF8*$!
{
	archiveVersion = 1;
	classes = {
	};
	objectVersion = 46;
	objects = {

/* Begin PBXBuildFile section */
		BA0239D118AD8857008288FE /* MobileView.xib in Resources */ = {isa = PBXBuildFile; fileRef = BA0239D018AD8857008288FE /* MobileView.xib */; };
		BA0239D418AD88BF008288FE /* MobileViewController.m in Sources */ = {isa = PBXBuildFile; fileRef = BA0239D318AD88BF008288FE /* MobileViewController.m */; };
		BA0239D618AD8934008288FE /* CTView.xib in Resources */ = {isa = PBXBuildFile; fileRef = BA0239D518AD8934008288FE /* CTView.xib */; };
		BA0239D918AD8942008288FE /* CTViewController.m in Sources */ = {isa = PBXBuildFile; fileRef = BA0239D818AD8942008288FE /* CTViewController.m */; };
		BA0239DB18AD89A4008288FE /* MobileAddNewView.xib in Resources */ = {isa = PBXBuildFile; fileRef = BA0239DA18AD89A4008288FE /* MobileAddNewView.xib */; };
		BA0239DE18AD89C6008288FE /* MobileAddNewViewController.m in Sources */ = {isa = PBXBuildFile; fileRef = BA0239DD18AD89C6008288FE /* MobileAddNewViewController.m */; };
		BA0239E018AD8A2F008288FE /* CTAddNewView.xib in Resources */ = {isa = PBXBuildFile; fileRef = BA0239DF18AD8A2F008288FE /* CTAddNewView.xib */; };
		BA0239E318AD8A4F008288FE /* CTAddNewViewController.m in Sources */ = {isa = PBXBuildFile; fileRef = BA0239E218AD8A4F008288FE /* CTAddNewViewController.m */; };
		BA0239E518AD8AA6008288FE /* MobileListView.xib in Resources */ = {isa = PBXBuildFile; fileRef = BA0239E418AD8AA6008288FE /* MobileListView.xib */; };
		BA0239E818AD8AC3008288FE /* MobileListViewController.m in Sources */ = {isa = PBXBuildFile; fileRef = BA0239E718AD8AC3008288FE /* MobileListViewController.m */; };
		BA0239EA18AD8B10008288FE /* MobileDetailView.xib in Resources */ = {isa = PBXBuildFile; fileRef = BA0239E918AD8B10008288FE /* MobileDetailView.xib */; };
		BA0239ED18AD8B30008288FE /* MobileDetailViewController.m in Sources */ = {isa = PBXBuildFile; fileRef = BA0239EC18AD8B30008288FE /* MobileDetailViewController.m */; };
		BA0239EF18AD8B6F008288FE /* CTListView.xib in Resources */ = {isa = PBXBuildFile; fileRef = BA0239EE18AD8B6F008288FE /* CTListView.xib */; };
		BA0239F218AD8B81008288FE /* CTListViewController.m in Sources */ = {isa = PBXBuildFile; fileRef = BA0239F118AD8B81008288FE /* CTListViewController.m */; };
		BA0239F418AD8BCB008288FE /* CTDetailView.xib in Resources */ = {isa = PBXBuildFile; fileRef = BA0239F318AD8BCB008288FE /* CTDetailView.xib */; };
		BA0239F718AD8BE5008288FE /* CTDetailViewController.m in Sources */ = {isa = PBXBuildFile; fileRef = BA0239F618AD8BE5008288FE /* CTDetailViewController.m */; };
		BA0239F918AD8D32008288FE /* best-buy-logo.png in Resources */ = {isa = PBXBuildFile; fileRef = BA0239F818AD8D32008288FE /* best-buy-logo.png */; };
		BA0239FB18AD8D38008288FE /* BBYM-Logo1.jpg in Resources */ = {isa = PBXBuildFile; fileRef = BA0239FA18AD8D38008288FE /* BBYM-Logo1.jpg */; };
		D015AFCF18AD850F00F2EA31 /* UIKit.framework in Frameworks */ = {isa = PBXBuildFile; fileRef = D015AFCE18AD850F00F2EA31 /* UIKit.framework */; };
		D015AFD118AD850F00F2EA31 /* Foundation.framework in Frameworks */ = {isa = PBXBuildFile; fileRef = D015AFD018AD850F00F2EA31 /* Foundation.framework */; };
		D015AFD318AD850F00F2EA31 /* CoreGraphics.framework in Frameworks */ = {isa = PBXBuildFile; fileRef = D015AFD218AD850F00F2EA31 /* CoreGraphics.framework */; };
		D015AFD918AD850F00F2EA31 /* InfoPlist.strings in Resources */ = {isa = PBXBuildFile; fileRef = D015AFD718AD850F00F2EA31 /* InfoPlist.strings */; };
		D015AFDB18AD850F00F2EA31 /* main.m in Sources */ = {isa = PBXBuildFile; fileRef = D015AFDA18AD850F00F2EA31 /* main.m */; };
		D015AFDF18AD850F00F2EA31 /* MUXAppDelegate.m in Sources */ = {isa = PBXBuildFile; fileRef = D015AFDE18AD850F00F2EA31 /* MUXAppDelegate.m */; };
		D015AFE118AD850F00F2EA31 /* Default.png in Resources */ = {isa = PBXBuildFile; fileRef = D015AFE018AD850F00F2EA31 /* Default.png */; };
		D015AFE318AD850F00F2EA31 /* Default@2x.png in Resources */ = {isa = PBXBuildFile; fileRef = D015AFE218AD850F00F2EA31 /* Default@2x.png */; };
		D015AFE518AD850F00F2EA31 /* Default-568h@2x.png in Resources */ = {isa = PBXBuildFile; fileRef = D015AFE418AD850F00F2EA31 /* Default-568h@2x.png */; };
		D015AFE818AD850F00F2EA31 /* MUXViewController.m in Sources */ = {isa = PBXBuildFile; fileRef = D015AFE718AD850F00F2EA31 /* MUXViewController.m */; };
		D015AFEE18AD850F00F2EA31 /* MUXViewController_iPad.xib in Resources */ = {isa = PBXBuildFile; fileRef = D015AFEC18AD850F00F2EA31 /* MUXViewController_iPad.xib */; };
		D015AFF618AD850F00F2EA31 /* SenTestingKit.framework in Frameworks */ = {isa = PBXBuildFile; fileRef = D015AFF518AD850F00F2EA31 /* SenTestingKit.framework */; };
		D015AFF718AD850F00F2EA31 /* UIKit.framework in Frameworks */ = {isa = PBXBuildFile; fileRef = D015AFCE18AD850F00F2EA31 /* UIKit.framework */; };
		D015AFF818AD850F00F2EA31 /* Foundation.framework in Frameworks */ = {isa = PBXBuildFile; fileRef = D015AFD018AD850F00F2EA31 /* Foundation.framework */; };
		D015B00018AD850F00F2EA31 /* InfoPlist.strings in Resources */ = {isa = PBXBuildFile; fileRef = D015AFFE18AD850F00F2EA31 /* InfoPlist.strings */; };
		D015B00318AD850F00F2EA31 /* BestBuyPrototypeTests.m in Sources */ = {isa = PBXBuildFile; fileRef = D015B00218AD850F00F2EA31 /* BestBuyPrototypeTests.m */; };
/* End PBXBuildFile section */

/* Begin PBXContainerItemProxy section */
		D015AFF918AD850F00F2EA31 /* PBXContainerItemProxy */ = {
			isa = PBXContainerItemProxy;
			containerPortal = D015AFC318AD850F00F2EA31 /* Project object */;
			proxyType = 1;
			remoteGlobalIDString = D015AFCA18AD850F00F2EA31;
			remoteInfo = BestBuyPrototype;
		};
/* End PBXContainerItemProxy section */

/* Begin PBXFileReference section */
		BA0239D018AD8857008288FE /* MobileView.xib */ = {isa = PBXFileReference; fileEncoding = 4; lastKnownFileType = file.xib; path = MobileView.xib; sourceTree = "<group>"; };
		BA0239D218AD88BF008288FE /* MobileViewController.h */ = {isa = PBXFileReference; fileEncoding = 4; lastKnownFileType = sourcecode.c.h; path = MobileViewController.h; sourceTree = "<group>"; };
		BA0239D318AD88BF008288FE /* MobileViewController.m */ = {isa = PBXFileReference; fileEncoding = 4; lastKnownFileType = sourcecode.c.objc; path = MobileViewController.m; sourceTree = "<group>"; };
		BA0239D518AD8934008288FE /* CTView.xib */ = {isa = PBXFileReference; fileEncoding = 4; lastKnownFileType = file.xib; path = CTView.xib; sourceTree = "<group>"; };
		BA0239D718AD8942008288FE /* CTViewController.h */ = {isa = PBXFileReference; fileEncoding = 4; lastKnownFileType = sourcecode.c.h; path = CTViewController.h; sourceTree = "<group>"; };
		BA0239D818AD8942008288FE /* CTViewController.m */ = {isa = PBXFileReference; fileEncoding = 4; lastKnownFileType = sourcecode.c.objc; path = CTViewController.m; sourceTree = "<group>"; };
		BA0239DA18AD89A4008288FE /* MobileAddNewView.xib */ = {isa = PBXFileReference; fileEncoding = 4; lastKnownFileType = file.xib; path = MobileAddNewView.xib; sourceTree = "<group>"; };
		BA0239DC18AD89C6008288FE /* MobileAddNewViewController.h */ = {isa = PBXFileReference; fileEncoding = 4; lastKnownFileType = sourcecode.c.h; path = MobileAddNewViewController.h; sourceTree = "<group>"; };
		BA0239DD18AD89C6008288FE /* MobileAddNewViewController.m */ = {isa = PBXFileReference; fileEncoding = 4; lastKnownFileType = sourcecode.c.objc; path = MobileAddNewViewController.m; sourceTree = "<group>"; };
		BA0239DF18AD8A2F008288FE /* CTAddNewView.xib */ = {isa = PBXFileReference; fileEncoding = 4; lastKnownFileType = file.xib; path = CTAddNewView.xib; sourceTree = "<group>"; };
		BA0239E118AD8A4F008288FE /* CTAddNewViewController.h */ = {isa = PBXFileReference; fileEncoding = 4; lastKnownFileType = sourcecode.c.h; path = CTAddNewViewController.h; sourceTree = "<group>"; };
		BA0239E218AD8A4F008288FE /* CTAddNewViewController.m */ = {isa = PBXFileReference; fileEncoding = 4; lastKnownFileType = sourcecode.c.objc; path = CTAddNewViewController.m; sourceTree = "<group>"; };
		BA0239E418AD8AA6008288FE /* MobileListView.xib */ = {isa = PBXFileReference; fileEncoding = 4; lastKnownFileType = file.xib; path = MobileListView.xib; sourceTree = "<group>"; };
		BA0239E618AD8AC3008288FE /* MobileListViewController.h */ = {isa = PBXFileReference; fileEncoding = 4; lastKnownFileType = sourcecode.c.h; path = MobileListViewController.h; sourceTree = "<group>"; };
		BA0239E718AD8AC3008288FE /* MobileListViewController.m */ = {isa = PBXFileReference; fileEncoding = 4; lastKnownFileType = sourcecode.c.objc; path = MobileListViewController.m; sourceTree = "<group>"; };
		BA0239E918AD8B10008288FE /* MobileDetailView.xib */ = {isa = PBXFileReference; fileEncoding = 4; lastKnownFileType = file.xib; path = MobileDetailView.xib; sourceTree = "<group>"; };
		BA0239EB18AD8B30008288FE /* MobileDetailViewController.h */ = {isa = PBXFileReference; fileEncoding = 4; lastKnownFileType = sourcecode.c.h; path = MobileDetailViewController.h; sourceTree = "<group>"; };
		BA0239EC18AD8B30008288FE /* MobileDetailViewController.m */ = {isa = PBXFileReference; fileEncoding = 4; lastKnownFileType = sourcecode.c.objc; path = MobileDetailViewController.m; sourceTree = "<group>"; };
		BA0239EE18AD8B6F008288FE /* CTListView.xib */ = {isa = PBXFileReference; fileEncoding = 4; lastKnownFileType = file.xib; path = CTListView.xib; sourceTree = "<group>"; };
		BA0239F018AD8B81008288FE /* CTListViewController.h */ = {isa = PBXFileReference; fileEncoding = 4; lastKnownFileType = sourcecode.c.h; path = CTListViewController.h; sourceTree = "<group>"; };
		BA0239F118AD8B81008288FE /* CTListViewController.m */ = {isa = PBXFileReference; fileEncoding = 4; lastKnownFileType = sourcecode.c.objc; path = CTListViewController.m; sourceTree = "<group>"; };
		BA0239F318AD8BCB008288FE /* CTDetailView.xib */ = {isa = PBXFileReference; fileEncoding = 4; lastKnownFileType = file.xib; path = CTDetailView.xib; sourceTree = "<group>"; };
		BA0239F518AD8BE5008288FE /* CTDetailViewController.h */ = {isa = PBXFileReference; fileEncoding = 4; lastKnownFileType = sourcecode.c.h; path = CTDetailViewController.h; sourceTree = "<group>"; };
		BA0239F618AD8BE5008288FE /* CTDetailViewController.m */ = {isa = PBXFileReference; fileEncoding = 4; lastKnownFileType = sourcecode.c.objc; path = CTDetailViewController.m; sourceTree = "<group>"; };
		BA0239F818AD8D32008288FE /* best-buy-logo.png */ = {isa = PBXFileReference; lastKnownFileType = image.png; path = "best-buy-logo.png"; sourceTree = SOURCE_ROOT; };
		BA0239FA18AD8D38008288FE /* BBYM-Logo1.jpg */ = {isa = PBXFileReference; lastKnownFileType = image.jpeg; path = "BBYM-Logo1.jpg"; sourceTree = SOURCE_ROOT; };
		D015AFCB18AD850F00F2EA31 /* BestBuyPrototype.app */ = {isa = PBXFileReference; explicitFileType = wrapper.application; includeInIndex = 0; path = BestBuyPrototype.app; sourceTree = BUILT_PRODUCTS_DIR; };
		D015AFCE18AD850F00F2EA31 /* UIKit.framework */ = {isa = PBXFileReference; lastKnownFileType = wrapper.framework; name = UIKit.framework; path = System/Library/Frameworks/UIKit.framework; sourceTree = SDKROOT; };
		D015AFD018AD850F00F2EA31 /* Foundation.framework */ = {isa = PBXFileReference; lastKnownFileType = wrapper.framework; name = Foundation.framework; path = System/Library/Frameworks/Foundation.framework; sourceTree = SDKROOT; };
		D015AFD218AD850F00F2EA31 /* CoreGraphics.framework */ = {isa = PBXFileReference; lastKnownFileType = wrapper.framework; name = CoreGraphics.framework; path = System/Library/Frameworks/CoreGraphics.framework; sourceTree = SDKROOT; };
		D015AFD618AD850F00F2EA31 /* BestBuyPrototype-Info.plist */ = {isa = PBXFileReference; lastKnownFileType = text.plist.xml; path = "BestBuyPrototype-Info.plist"; sourceTree = "<group>"; };
		D015AFD818AD850F00F2EA31 /* en */ = {isa = PBXFileReference; lastKnownFileType = text.plist.strings; name = en; path = en.lproj/InfoPlist.strings; sourceTree = "<group>"; };
		D015AFDA18AD850F00F2EA31 /* main.m */ = {isa = PBXFileReference; lastKnownFileType = sourcecode.c.objc; path = main.m; sourceTree = "<group>"; };
		D015AFDC18AD850F00F2EA31 /* BestBuyPrototype-Prefix.pch */ = {isa = PBXFileReference; lastKnownFileType = sourcecode.c.h; path = "BestBuyPrototype-Prefix.pch"; sourceTree = "<group>"; };
		D015AFDD18AD850F00F2EA31 /* MUXAppDelegate.h */ = {isa = PBXFileReference; lastKnownFileType = sourcecode.c.h; path = MUXAppDelegate.h; sourceTree = "<group>"; };
		D015AFDE18AD850F00F2EA31 /* MUXAppDelegate.m */ = {isa = PBXFileReference; lastKnownFileType = sourcecode.c.objc; path = MUXAppDelegate.m; sourceTree = "<group>"; };
		D015AFE018AD850F00F2EA31 /* Default.png */ = {isa = PBXFileReference; lastKnownFileType = image.png; path = Default.png; sourceTree = "<group>"; };
		D015AFE218AD850F00F2EA31 /* Default@2x.png */ = {isa = PBXFileReference; lastKnownFileType = image.png; path = "Default@2x.png"; sourceTree = "<group>"; };
		D015AFE418AD850F00F2EA31 /* Default-568h@2x.png */ = {isa = PBXFileReference; lastKnownFileType = image.png; path = "Default-568h@2x.png"; sourceTree = "<group>"; };
		D015AFE618AD850F00F2EA31 /* MUXViewController.h */ = {isa = PBXFileReference; lastKnownFileType = sourcecode.c.h; path = MUXViewController.h; sourceTree = "<group>"; };
		D015AFE718AD850F00F2EA31 /* MUXViewController.m */ = {isa = PBXFileReference; lastKnownFileType = sourcecode.c.objc; path = MUXViewController.m; sourceTree = "<group>"; };
		D015AFED18AD850F00F2EA31 /* en */ = {isa = PBXFileReference; lastKnownFileType = file.xib; name = en; path = en.lproj/MUXViewController_iPad.xib; sourceTree = "<group>"; };
		D015AFF418AD850F00F2EA31 /* BestBuyPrototypeTests.octest */ = {isa = PBXFileReference; explicitFileType = wrapper.cfbundle; includeInIndex = 0; path = BestBuyPrototypeTests.octest; sourceTree = BUILT_PRODUCTS_DIR; };
		D015AFF518AD850F00F2EA31 /* SenTestingKit.framework */ = {isa = PBXFileReference; lastKnownFileType = wrapper.framework; name = SenTestingKit.framework; path = Library/Frameworks/SenTestingKit.framework; sourceTree = DEVELOPER_DIR; };
		D015AFFD18AD850F00F2EA31 /* BestBuyPrototypeTests-Info.plist */ = {isa = PBXFileReference; lastKnownFileType = text.plist.xml; path = "BestBuyPrototypeTests-Info.plist"; sourceTree = "<group>"; };
		D015AFFF18AD850F00F2EA31 /* en */ = {isa = PBXFileReference; lastKnownFileType = text.plist.strings; name = en; path = en.lproj/InfoPlist.strings; sourceTree = "<group>"; };
		D015B00118AD850F00F2EA31 /* BestBuyPrototypeTests.h */ = {isa = PBXFileReference; lastKnownFileType = sourcecode.c.h; path = BestBuyPrototypeTests.h; sourceTree = "<group>"; };
		D015B00218AD850F00F2EA31 /* BestBuyPrototypeTests.m */ = {isa = PBXFileReference; lastKnownFileType = sourcecode.c.objc; path = BestBuyPrototypeTests.m; sourceTree = "<group>"; };
/* End PBXFileReference section */

/* Begin PBXFrameworksBuildPhase section */
		D015AFC818AD850F00F2EA31 /* Frameworks */ = {
			isa = PBXFrameworksBuildPhase;
			buildActionMask = 2147483647;
			files = (
				D015AFCF18AD850F00F2EA31 /* UIKit.framework in Frameworks */,
				D015AFD118AD850F00F2EA31 /* Foundation.framework in Frameworks */,
				D015AFD318AD850F00F2EA31 /* CoreGraphics.framework in Frameworks */,
			);
			runOnlyForDeploymentPostprocessing = 0;
		};
		D015AFF018AD850F00F2EA31 /* Frameworks */ = {
			isa = PBXFrameworksBuildPhase;
			buildActionMask = 2147483647;
			files = (
				D015AFF618AD850F00F2EA31 /* SenTestingKit.framework in Frameworks */,
				D015AFF718AD850F00F2EA31 /* UIKit.framework in Frameworks */,
				D015AFF818AD850F00F2EA31 /* Foundation.framework in Frameworks */,
			);
			runOnlyForDeploymentPostprocessing = 0;
		};
/* End PBXFrameworksBuildPhase section */

/* Begin PBXGroup section */
		D015AFC218AD850F00F2EA31 = {
			isa = PBXGroup;
			children = (
				D015AFD418AD850F00F2EA31 /* BestBuyPrototype */,
				D015AFFB18AD850F00F2EA31 /* BestBuyPrototypeTests */,
				D015AFCD18AD850F00F2EA31 /* Frameworks */,
				D015AFCC18AD850F00F2EA31 /* Products */,
			);
			sourceTree = "<group>";
		};
		D015AFCC18AD850F00F2EA31 /* Products */ = {
			isa = PBXGroup;
			children = (
				D015AFCB18AD850F00F2EA31 /* BestBuyPrototype.app */,
				D015AFF418AD850F00F2EA31 /* BestBuyPrototypeTests.octest */,
			);
			name = Products;
			sourceTree = "<group>";
		};
		D015AFCD18AD850F00F2EA31 /* Frameworks */ = {
			isa = PBXGroup;
			children = (
				D015AFCE18AD850F00F2EA31 /* UIKit.framework */,
				D015AFD018AD850F00F2EA31 /* Foundation.framework */,
				D015AFD218AD850F00F2EA31 /* CoreGraphics.framework */,
				D015AFF518AD850F00F2EA31 /* SenTestingKit.framework */,
			);
			name = Frameworks;
			sourceTree = "<group>";
		};
		D015AFD418AD850F00F2EA31 /* BestBuyPrototype */ = {
			isa = PBXGroup;
			children = (
				D015AFDD18AD850F00F2EA31 /* MUXAppDelegate.h */,
				D015AFDE18AD850F00F2EA31 /* MUXAppDelegate.m */,
				D015AFE618AD850F00F2EA31 /* MUXViewController.h */,
				D015AFE718AD850F00F2EA31 /* MUXViewController.m */,
				D015AFEC18AD850F00F2EA31 /* MUXViewController_iPad.xib */,
				BA0239D218AD88BF008288FE /* MobileViewController.h */,
				BA0239D318AD88BF008288FE /* MobileViewController.m */,
				BA0239D018AD8857008288FE /* MobileView.xib */,
				BA0239DC18AD89C6008288FE /* MobileAddNewViewController.h */,
				BA0239DD18AD89C6008288FE /* MobileAddNewViewController.m */,
				BA0239DA18AD89A4008288FE /* MobileAddNewView.xib */,
				BA0239E618AD8AC3008288FE /* MobileListViewController.h */,
				BA0239E718AD8AC3008288FE /* MobileListViewController.m */,
				BA0239E418AD8AA6008288FE /* MobileListView.xib */,
				BA0239EB18AD8B30008288FE /* MobileDetailViewController.h */,
				BA0239EC18AD8B30008288FE /* MobileDetailViewController.m */,
				BA0239E918AD8B10008288FE /* MobileDetailView.xib */,
				BA0239D718AD8942008288FE /* CTViewController.h */,
				BA0239D818AD8942008288FE /* CTViewController.m */,
				BA0239D518AD8934008288FE /* CTView.xib */,
				BA0239E118AD8A4F008288FE /* CTAddNewViewController.h */,
				BA0239E218AD8A4F008288FE /* CTAddNewViewController.m */,
				BA0239DF18AD8A2F008288FE /* CTAddNewView.xib */,
				BA0239F018AD8B81008288FE /* CTListViewController.h */,
				BA0239F118AD8B81008288FE /* CTListViewController.m */,
				BA0239EE18AD8B6F008288FE /* CTListView.xib */,
				BA0239F518AD8BE5008288FE /* CTDetailViewController.h */,
				BA0239F618AD8BE5008288FE /* CTDetailViewController.m */,
				BA0239F318AD8BCB008288FE /* CTDetailView.xib */,
				D015AFD518AD850F00F2EA31 /* Supporting Files */,
				BA0239FA18AD8D38008288FE /* BBYM-Logo1.jpg */,
				BA0239F818AD8D32008288FE /* best-buy-logo.png */,
			);
			path = BestBuyPrototype;
			sourceTree = "<group>";
		};
		D015AFD518AD850F00F2EA31 /* Supporting Files */ = {
			isa = PBXGroup;
			children = (
				D015AFD618AD850F00F2EA31 /* BestBuyPrototype-Info.plist */,
				D015AFD718AD850F00F2EA31 /* InfoPlist.strings */,
				D015AFDA18AD850F00F2EA31 /* main.m */,
				D015AFDC18AD850F00F2EA31 /* BestBuyPrototype-Prefix.pch */,
				D015AFE018AD850F00F2EA31 /* Default.png */,
				D015AFE218AD850F00F2EA31 /* Default@2x.png */,
				D015AFE418AD850F00F2EA31 /* Default-568h@2x.png */,
			);
			name = "Supporting Files";
			sourceTree = "<group>";
		};
		D015AFFB18AD850F00F2EA31 /* BestBuyPrototypeTests */ = {
			isa = PBXGroup;
			children = (
				D015B00118AD850F00F2EA31 /* BestBuyPrototypeTests.h */,
				D015B00218AD850F00F2EA31 /* BestBuyPrototypeTests.m */,
				D015AFFC18AD850F00F2EA31 /* Supporting Files */,
			);
			path = BestBuyPrototypeTests;
			sourceTree = "<group>";
		};
		D015AFFC18AD850F00F2EA31 /* Supporting Files */ = {
			isa = PBXGroup;
			children = (
				D015AFFD18AD850F00F2EA31 /* BestBuyPrototypeTests-Info.plist */,
				D015AFFE18AD850F00F2EA31 /* InfoPlist.strings */,
			);
			name = "Supporting Files";
			sourceTree = "<group>";
		};
/* End PBXGroup section */

/* Begin PBXNativeTarget section */
		D015AFCA18AD850F00F2EA31 /* BestBuyPrototype */ = {
			isa = PBXNativeTarget;
			buildConfigurationList = D015B00618AD850F00F2EA31 /* Build configuration list for PBXNativeTarget "BestBuyPrototype" */;
			buildPhases = (
				D015AFC718AD850F00F2EA31 /* Sources */,
				D015AFC818AD850F00F2EA31 /* Frameworks */,
				D015AFC918AD850F00F2EA31 /* Resources */,
			);
			buildRules = (
			);
			dependencies = (
			);
			name = BestBuyPrototype;
			productName = BestBuyPrototype;
			productReference = D015AFCB18AD850F00F2EA31 /* BestBuyPrototype.app */;
			productType = "com.apple.product-type.application";
		};
		D015AFF318AD850F00F2EA31 /* BestBuyPrototypeTests */ = {
			isa = PBXNativeTarget;
			buildConfigurationList = D015B00918AD850F00F2EA31 /* Build configuration list for PBXNativeTarget "BestBuyPrototypeTests" */;
			buildPhases = (
				D015AFEF18AD850F00F2EA31 /* Sources */,
				D015AFF018AD850F00F2EA31 /* Frameworks */,
				D015AFF118AD850F00F2EA31 /* Resources */,
				D015AFF218AD850F00F2EA31 /* ShellScript */,
			);
			buildRules = (
			);
			dependencies = (
				D015AFFA18AD850F00F2EA31 /* PBXTargetDependency */,
			);
			name = BestBuyPrototypeTests;
			productName = BestBuyPrototypeTests;
			productReference = D015AFF418AD850F00F2EA31 /* BestBuyPrototypeTests.octest */;
			productType = "com.apple.product-type.bundle";
		};
/* End PBXNativeTarget section */

/* Begin PBXProject section */
		D015AFC318AD850F00F2EA31 /* Project object */ = {
			isa = PBXProject;
			attributes = {
				CLASSPREFIX = MUX;
				LastUpgradeCheck = 0460;
				ORGANIZATIONNAME = "Brenna Pavlinchak";
				TargetAttributes = {
					D015AFCA18AD850F00F2EA31 = {
						DevelopmentTeam = D3758JUXWN;
					};
				};
			};
			buildConfigurationList = D015AFC618AD850F00F2EA31 /* Build configuration list for PBXProject "BestBuyPrototype" */;
			compatibilityVersion = "Xcode 3.2";
			developmentRegion = English;
			hasScannedForEncodings = 0;
			knownRegions = (
				en,
			);
			mainGroup = D015AFC218AD850F00F2EA31;
			productRefGroup = D015AFCC18AD850F00F2EA31 /* Products */;
			projectDirPath = "";
			projectRoot = "";
			targets = (
				D015AFCA18AD850F00F2EA31 /* BestBuyPrototype */,
				D015AFF318AD850F00F2EA31 /* BestBuyPrototypeTests */,
			);
		};
/* End PBXProject section */

/* Begin PBXResourcesBuildPhase section */
		D015AFC918AD850F00F2EA31 /* Resources */ = {
			isa = PBXResourcesBuildPhase;
			buildActionMask = 2147483647;
			files = (
				BA0239E518AD8AA6008288FE /* MobileListView.xib in Resources */,
				BA0239EF18AD8B6F008288FE /* CTListView.xib in Resources */,
				BA0239EA18AD8B10008288FE /* MobileDetailView.xib in Resources */,
				BA0239FB18AD8D38008288FE /* BBYM-Logo1.jpg in Resources */,
				BA0239E018AD8A2F008288FE /* CTAddNewView.xib in Resources */,
				D015AFD918AD850F00F2EA31 /* InfoPlist.strings in Resources */,
				D015AFE118AD850F00F2EA31 /* Default.png in Resources */,
				D015AFE318AD850F00F2EA31 /* Default@2x.png in Resources */,
				BA0239DB18AD89A4008288FE /* MobileAddNewView.xib in Resources */,
				BA0239D618AD8934008288FE /* CTView.xib in Resources */,
				D015AFE518AD850F00F2EA31 /* Default-568h@2x.png in Resources */,
				BA0239D118AD8857008288FE /* MobileView.xib in Resources */,
				BA0239F418AD8BCB008288FE /* CTDetailView.xib in Resources */,
				D015AFEE18AD850F00F2EA31 /* MUXViewController_iPad.xib in Resources */,
				BA0239F918AD8D32008288FE /* best-buy-logo.png in Resources */,
			);
			runOnlyForDeploymentPostprocessing = 0;
		};
		D015AFF118AD850F00F2EA31 /* Resources */ = {
			isa = PBXResourcesBuildPhase;
			buildActionMask = 2147483647;
			files = (
				D015B00018AD850F00F2EA31 /* InfoPlist.strings in Resources */,
			);
			runOnlyForDeploymentPostprocessing = 0;
		};
/* End PBXResourcesBuildPhase section */

/* Begin PBXShellScriptBuildPhase section */
		D015AFF218AD850F00F2EA31 /* ShellScript */ = {
			isa = PBXShellScriptBuildPhase;
			buildActionMask = 2147483647;
			files = (
			);
			inputPaths = (
			);
			outputPaths = (
			);
			runOnlyForDeploymentPostprocessing = 0;
			shellPath = /bin/sh;
			shellScript = "# Run the unit tests in this test bundle.\n\"${SYSTEM_DEVELOPER_DIR}/Tools/RunUnitTests\"\n";
		};
/* End PBXShellScriptBuildPhase section */

/* Begin PBXSourcesBuildPhase section */
		D015AFC718AD850F00F2EA31 /* Sources */ = {
			isa = PBXSourcesBuildPhase;
			buildActionMask = 2147483647;
			files = (
				BA0239ED18AD8B30008288FE /* MobileDetailViewController.m in Sources */,
				BA0239F218AD8B81008288FE /* CTListViewController.m in Sources */,
				BA0239E818AD8AC3008288FE /* MobileListViewController.m in Sources */,
				BA0239F718AD8BE5008288FE /* CTDetailViewController.m in Sources */,
				BA0239D918AD8942008288FE /* CTViewController.m in Sources */,
				BA0239E318AD8A4F008288FE /* CTAddNewViewController.m in Sources */,
				BA0239D418AD88BF008288FE /* MobileViewController.m in Sources */,
				D015AFDB18AD850F00F2EA31 /* main.m in Sources */,
				BA0239DE18AD89C6008288FE /* MobileAddNewViewController.m in Sources */,
				D015AFDF18AD850F00F2EA31 /* MUXAppDelegate.m in Sources */,
				D015AFE818AD850F00F2EA31 /* MUXViewController.m in Sources */,
			);
			runOnlyForDeploymentPostprocessing = 0;
		};
		D015AFEF18AD850F00F2EA31 /* Sources */ = {
			isa = PBXSourcesBuildPhase;
			buildActionMask = 2147483647;
			files = (
				D015B00318AD850F00F2EA31 /* BestBuyPrototypeTests.m in Sources */,
			);
			runOnlyForDeploymentPostprocessing = 0;
		};
/* End PBXSourcesBuildPhase section */

/* Begin PBXTargetDependency section */
		D015AFFA18AD850F00F2EA31 /* PBXTargetDependency */ = {
			isa = PBXTargetDependency;
			target = D015AFCA18AD850F00F2EA31 /* BestBuyPrototype */;
			targetProxy = D015AFF918AD850F00F2EA31 /* PBXContainerItemProxy */;
		};
/* End PBXTargetDependency section */

/* Begin PBXVariantGroup section */
		D015AFD718AD850F00F2EA31 /* InfoPlist.strings */ = {
			isa = PBXVariantGroup;
			children = (
				D015AFD818AD850F00F2EA31 /* en */,
			);
			name = InfoPlist.strings;
			sourceTree = "<group>";
		};
		D015AFEC18AD850F00F2EA31 /* MUXViewController_iPad.xib */ = {
			isa = PBXVariantGroup;
			children = (
				D015AFED18AD850F00F2EA31 /* en */,
			);
			name = MUXViewController_iPad.xib;
			sourceTree = "<group>";
		};
		D015AFFE18AD850F00F2EA31 /* InfoPlist.strings */ = {
			isa = PBXVariantGroup;
			children = (
				D015AFFF18AD850F00F2EA31 /* en */,
			);
			name = InfoPlist.strings;
			sourceTree = "<group>";
		};
/* End PBXVariantGroup section */

/* Begin XCBuildConfiguration section */
		D015B00418AD850F00F2EA31 /* Debug */ = {
			isa = XCBuildConfiguration;
			buildSettings = {
				ALWAYS_SEARCH_USER_PATHS = NO;
				CLANG_CXX_LANGUAGE_STANDARD = "gnu++0x";
				CLANG_CXX_LIBRARY = "libc++";
				CLANG_ENABLE_OBJC_ARC = YES;
				CLANG_WARN_CONSTANT_CONVERSION = YES;
				CLANG_WARN_EMPTY_BODY = YES;
				CLANG_WARN_ENUM_CONVERSION = YES;
				CLANG_WARN_INT_CONVERSION = YES;
				CLANG_WARN__DUPLICATE_METHOD_MATCH = YES;
				"CODE_SIGN_IDENTITY[sdk=iphoneos*]" = "iPhone Developer";
				COPY_PHASE_STRIP = NO;
				GCC_C_LANGUAGE_STANDARD = gnu99;
				GCC_DYNAMIC_NO_PIC = NO;
				GCC_OPTIMIZATION_LEVEL = 0;
				GCC_PREPROCESSOR_DEFINITIONS = (
					"DEBUG=1",
					"$(inherited)",
				);
				GCC_SYMBOLS_PRIVATE_EXTERN = NO;
				GCC_WARN_ABOUT_RETURN_TYPE = YES;
				GCC_WARN_UNINITIALIZED_AUTOS = YES;
				GCC_WARN_UNUSED_VARIABLE = YES;
				IPHONEOS_DEPLOYMENT_TARGET = 6.1;
				ONLY_ACTIVE_ARCH = YES;
				SDKROOT = iphoneos;
				TARGETED_DEVICE_FAMILY = "1,2";
			};
			name = Debug;
		};
		D015B00518AD850F00F2EA31 /* Release */ = {
			isa = XCBuildConfiguration;
			buildSettings = {
				ALWAYS_SEARCH_USER_PATHS = NO;
				CLANG_CXX_LANGUAGE_STANDARD = "gnu++0x";
				CLANG_CXX_LIBRARY = "libc++";
				CLANG_ENABLE_OBJC_ARC = YES;
				CLANG_WARN_CONSTANT_CONVERSION = YES;
				CLANG_WARN_EMPTY_BODY = YES;
				CLANG_WARN_ENUM_CONVERSION = YES;
				CLANG_WARN_INT_CONVERSION = YES;
				CLANG_WARN__DUPLICATE_METHOD_MATCH = YES;
				"CODE_SIGN_IDENTITY[sdk=iphoneos*]" = "iPhone Developer";
				COPY_PHASE_STRIP = YES;
				GCC_C_LANGUAGE_STANDARD = gnu99;
				GCC_WARN_ABOUT_RETURN_TYPE = YES;
				GCC_WARN_UNINITIALIZED_AUTOS = YES;
				GCC_WARN_UNUSED_VARIABLE = YES;
				IPHONEOS_DEPLOYMENT_TARGET = 6.1;
				OTHER_CFLAGS = "-DNS_BLOCK_ASSERTIONS=1";
				SDKROOT = iphoneos;
				TARGETED_DEVICE_FAMILY = "1,2";
				VALIDATE_PRODUCT = YES;
			};
			name = Release;
		};
		D015B00718AD850F00F2EA31 /* Debug */ = {
			isa = XCBuildConfiguration;
			buildSettings = {
				CODE_SIGN_IDENTITY = "iPhone Developer";
				GCC_PRECOMPILE_PREFIX_HEADER = YES;
				GCC_PREFIX_HEADER = "BestBuyPrototype/BestBuyPrototype-Prefix.pch";
				INFOPLIST_FILE = "BestBuyPrototype/BestBuyPrototype-Info.plist";
				PRODUCT_NAME = "$(TARGET_NAME)";
				WRAPPER_EXTENSION = app;
			};
			name = Debug;
		};
		D015B00818AD850F00F2EA31 /* Release */ = {
			isa = XCBuildConfiguration;
			buildSettings = {
				CODE_SIGN_IDENTITY = "iPhone Developer";
				GCC_PRECOMPILE_PREFIX_HEADER = YES;
				GCC_PREFIX_HEADER = "BestBuyPrototype/BestBuyPrototype-Prefix.pch";
				INFOPLIST_FILE = "BestBuyPrototype/BestBuyPrototype-Info.plist";
				PRODUCT_NAME = "$(TARGET_NAME)";
				WRAPPER_EXTENSION = app;
			};
			name = Release;
		};
		D015B00A18AD850F00F2EA31 /* Debug */ = {
			isa = XCBuildConfiguration;
			buildSettings = {
				BUNDLE_LOADER = "$(BUILT_PRODUCTS_DIR)/BestBuyPrototype.app/BestBuyPrototype";
				FRAMEWORK_SEARCH_PATHS = (
					"\"$(SDKROOT)/Developer/Library/Frameworks\"",
					"\"$(DEVELOPER_LIBRARY_DIR)/Frameworks\"",
				);
				GCC_PRECOMPILE_PREFIX_HEADER = YES;
				GCC_PREFIX_HEADER = "BestBuyPrototype/BestBuyPrototype-Prefix.pch";
				INFOPLIST_FILE = "BestBuyPrototypeTests/BestBuyPrototypeTests-Info.plist";
				PRODUCT_NAME = "$(TARGET_NAME)";
				TEST_HOST = "$(BUNDLE_LOADER)";
				WRAPPER_EXTENSION = octest;
			};
			name = Debug;
		};
		D015B00B18AD850F00F2EA31 /* Release */ = {
			isa = XCBuildConfiguration;
			buildSettings = {
				BUNDLE_LOADER = "$(BUILT_PRODUCTS_DIR)/BestBuyPrototype.app/BestBuyPrototype";
				FRAMEWORK_SEARCH_PATHS = (
					"\"$(SDKROOT)/Developer/Library/Frameworks\"",
					"\"$(DEVELOPER_LIBRARY_DIR)/Frameworks\"",
				);
				GCC_PRECOMPILE_PREFIX_HEADER = YES;
				GCC_PREFIX_HEADER = "BestBuyPrototype/BestBuyPrototype-Prefix.pch";
				INFOPLIST_FILE = "BestBuyPrototypeTests/BestBuyPrototypeTests-Info.plist";
				PRODUCT_NAME = "$(TARGET_NAME)";
				TEST_HOST = "$(BUNDLE_LOADER)";
				WRAPPER_EXTENSION = octest;
			};
			name = Release;
		};
/* End XCBuildConfiguration section */

/* Begin XCConfigurationList section */
		D015AFC618AD850F00F2EA31 /* Build configuration list for PBXProject "BestBuyPrototype" */ = {
			isa = XCConfigurationList;
			buildConfigurations = (
				D015B00418AD850F00F2EA31 /* Debug */,
				D015B00518AD850F00F2EA31 /* Release */,
			);
			defaultConfigurationIsVisible = 0;
			defaultConfigurationName = Release;
		};
		D015B00618AD850F00F2EA31 /* Build configuration list for PBXNativeTarget "BestBuyPrototype" */ = {
			isa = XCConfigurationList;
			buildConfigurations = (
				D015B00718AD850F00F2EA31 /* Debug */,
				D015B00818AD850F00F2EA31 /* Release */,
			);
			defaultConfigurationIsVisible = 0;
			defaultConfigurationName = Release;
		};
		D015B00918AD850F00F2EA31 /* Build configuration list for PBXNativeTarget "BestBuyPrototypeTests" */ = {
			isa = XCConfigurationList;
			buildConfigurations = (
				D015B00A18AD850F00F2EA31 /* Debug */,
				D015B00B18AD850F00F2EA31 /* Release */,
			);
			defaultConfigurationIsVisible = 0;
			defaultConfigurationName = Release;
		};
/* End XCConfigurationList section */
	};
	rootObject = D015AFC318AD850F00F2EA31 /* Project object */;
}
